Microsoft Visual Studio Solution File, Format Version 12.00
# Visual Studio 15
VisualStudioVersion = 15.0.27130.2010
MinimumVisualStudioVersion = 10.0.40219.1
Project("{FAE04EC0-301F-11D3-BF4B-00C04F79EFBC}") = "Netify.Authentication", "Netify.Authentication\Netify.Authentication.csproj", "{2E19F7C9-7352-45C3-883D-80F4E5A1E3B9}"
EndProject
Project("{FAE04EC0-301F-11D3-BF4B-00C04F79EFBC}") = "Netify.Tests", "Netify.Tests\Netify.Tests.csproj", "{C197D102-9D15-40EF-928B-C720189B1A8F}"
EndProject
Project("{2150E333-8FDC-42A3-9474-1A3956D46DE8}") = "Solution Items", "Solution Items", "{E4FF0468-7AA6-458D-956F-D57D54962D10}"
	ProjectSection(SolutionItems) = preProject
		.gitignore = .gitignore
		travis.yml = travis.yml
	EndProjectSection
EndProject
Project("{FAE04EC0-301F-11D3-BF4B-00C04F79EFBC}") = "Netify.Api", "Netify.Api\Netify.Api.csproj", "{D29F8F30-D0C5-4428-A9AF-2B53EB409857}"
EndProject
Global
	GlobalSection(SolutionConfigurationPlatforms) = preSolution
		Debug|Any CPU = Debug|Any CPU
		Release|Any CPU = Release|Any CPU
	EndGlobalSection
	GlobalSection(ProjectConfigurationPlatforms) = postSolution
		{2E19F7C9-7352-45C3-883D-80F4E5A1E3B9}.Debug|Any CPU.ActiveCfg = Debug|Any CPU
		{2E19F7C9-7352-45C3-883D-80F4E5A1E3B9}.Debug|Any CPU.Build.0 = Debug|Any CPU
		{2E19F7C9-7352-45C3-883D-80F4E5A1E3B9}.Release|Any CPU.ActiveCfg = Release|Any CPU
		{2E19F7C9-7352-45C3-883D-80F4E5A1E3B9}.Release|Any CPU.Build.0 = Release|Any CPU
		{C197D102-9D15-40EF-928B-C720189B1A8F}.Debug|Any CPU.ActiveCfg = Debug|Any CPU
		{C197D102-9D15-40EF-928B-C720189B1A8F}.Debug|Any CPU.Build.0 = Debug|Any CPU
		{C197D102-9D15-40EF-928B-C720189B1A8F}.Release|Any CPU.ActiveCfg = Release|Any CPU
		{C197D102-9D15-40EF-928B-C720189B1A8F}.Release|Any CPU.Build.0 = Release|Any CPU
		{D29F8F30-D0C5-4428-A9AF-2B53EB409857}.Debug|Any CPU.ActiveCfg = Debug|Any CPU
		{D29F8F30-D0C5-4428-A9AF-2B53EB409857}.Debug|Any CPU.Build.0 = Debug|Any CPU
		{D29F8F30-D0C5-4428-A9AF-2B53EB409857}.Release|Any CPU.ActiveCfg = Release|Any CPU
		{D29F8F30-D0C5-4428-A9AF-2B53EB409857}.Release|Any CPU.Build.0 = Release|Any CPU
	EndGlobalSection
	GlobalSection(SolutionProperties) = preSolution
		HideSolutionNode = FALSE
	EndGlobalSection
	GlobalSection(ExtensibilityGlobals) = postSolution
		SolutionGuid = {42410CE1-EC6B-4C88-80C0-742201833BFA}
	EndGlobalSection
EndGlobal
